
Microsoft Visual Studio Solution File, Format Version 12.00
# Visual Studio 15
VisualStudioVersion = 15.0.27428.2043
MinimumVisualStudioVersion = 10.0.40219.1
Project("{FAE04EC0-301F-11D3-BF4B-00C04F79EFBC}") = "RegisterAuto", "RegisterAuto\RegisterAuto.csproj", "{A7811709-5BA1-4B3A-96E8-D77811231B79}"
EndProject
Project("{FAE04EC0-301F-11D3-BF4B-00C04F79EFBC}") = "RegisterAuto.OrangeModule", "RegisterAuto.OrangeModule\RegisterAuto.OrangeModule.csproj", "{32723E8E-1E1C-4D41-9F20-40E467953154}"
EndProject
Project("{FAE04EC0-301F-11D3-BF4B-00C04F79EFBC}") = "RegisterAuto.Util", "RegisterAuto.Util\RegisterAuto.Util.csproj", "{CA09774C-FE58-4710-9D6A-995549FD6E13}"
EndProject
Global
	GlobalSection(SolutionConfigurationPlatforms) = preSolution
		Debug|Any CPU = Debug|Any CPU
		Release|Any CPU = Release|Any CPU
	EndGlobalSection
	GlobalSection(ProjectConfigurationPlatforms) = postSolution
		{A7811709-5BA1-4B3A-96E8-D77811231B79}.Debug|Any CPU.ActiveCfg = Debug|Any CPU
		{A7811709-5BA1-4B3A-96E8-D77811231B79}.Debug|Any CPU.Build.0 = Debug|Any CPU
		{A7811709-5BA1-4B3A-96E8-D77811231B79}.Release|Any CPU.ActiveCfg = Release|Any CPU
		{A7811709-5BA1-4B3A-96E8-D77811231B79}.Release|Any CPU.Build.0 = Release|Any CPU
		{32723E8E-1E1C-4D41-9F20-40E467953154}.Debug|Any CPU.ActiveCfg = Debug|Any CPU
		{32723E8E-1E1C-4D41-9F20-40E467953154}.Debug|Any CPU.Build.0 = Debug|Any CPU
		{32723E8E-1E1C-4D41-9F20-40E467953154}.Release|Any CPU.ActiveCfg = Release|Any CPU
		{32723E8E-1E1C-4D41-9F20-40E467953154}.Release|Any CPU.Build.0 = Release|Any CPU
		{CA09774C-FE58-4710-9D6A-995549FD6E13}.Debug|Any CPU.ActiveCfg = Debug|Any CPU
		{CA09774C-FE58-4710-9D6A-995549FD6E13}.Debug|Any CPU.Build.0 = Debug|Any CPU
		{CA09774C-FE58-4710-9D6A-995549FD6E13}.Release|Any CPU.ActiveCfg = Release|Any CPU
		{CA09774C-FE58-4710-9D6A-995549FD6E13}.Release|Any CPU.Build.0 = Release|Any CPU
	EndGlobalSection
	GlobalSection(SolutionProperties) = preSolution
		HideSolutionNode = FALSE
	EndGlobalSection
	GlobalSection(ExtensibilityGlobals) = postSolution
		SolutionGuid = {F360694C-E169-4A43-A028-A737ADCE1213}
	EndGlobalSection
EndGlobal
